
Microsoft Visual Studio Solution File, Format Version 12.00
# Visual Studio Version 16
VisualStudioVersion = 16.0.30907.101
MinimumVisualStudioVersion = 10.0.40219.1
Project("{FAE04EC0-301F-11D3-BF4B-00C04F79EFBC}") = "ProjektWpfApp", "ProjektWpfApp\ProjektWpfApp.csproj", "{EDC7EF55-3647-4AF1-A4FB-5CA5CA5DB205}"
EndProject
Project("{54435603-DBB4-11D2-8724-00A0C9A8B90C}") = "StoreSetup", "StoreSetup\StoreSetup.vdproj", "{4EA67EDC-80BE-4456-B3F8-913DD30100EC}"
EndProject
Global
	GlobalSection(SolutionConfigurationPlatforms) = preSolution
		Debug|Any CPU = Debug|Any CPU
		Release|Any CPU = Release|Any CPU
	EndGlobalSection
	GlobalSection(ProjectConfigurationPlatforms) = postSolution
		{EDC7EF55-3647-4AF1-A4FB-5CA5CA5DB205}.Debug|Any CPU.ActiveCfg = Debug|Any CPU
		{EDC7EF55-3647-4AF1-A4FB-5CA5CA5DB205}.Debug|Any CPU.Build.0 = Debug|Any CPU
		{EDC7EF55-3647-4AF1-A4FB-5CA5CA5DB205}.Release|Any CPU.ActiveCfg = Release|Any CPU
		{EDC7EF55-3647-4AF1-A4FB-5CA5CA5DB205}.Release|Any CPU.Build.0 = Release|Any CPU
		{4EA67EDC-80BE-4456-B3F8-913DD30100EC}.Debug|Any CPU.ActiveCfg = Debug
		{4EA67EDC-80BE-4456-B3F8-913DD30100EC}.Release|Any CPU.ActiveCfg = Release
	EndGlobalSection
	GlobalSection(SolutionProperties) = preSolution
		HideSolutionNode = FALSE
	EndGlobalSection
	GlobalSection(ExtensibilityGlobals) = postSolution
		SolutionGuid = {368364C0-563C-4327-9CDF-48CD8F8A4CC8}
	EndGlobalSection
EndGlobal
